{
  "version": 4,
  "terraform_version": "1.5.7",
  "serial": 43,
  "lineage": "3fa0dca8-5e25-31f7-4dca-551b20564dcb",
  "outputs": {},
  "resources": [
    {
      "mode": "managed",
      "type": "aws_vpc",
      "name": "main",
      "provider": "provider[\"registry.terraform.io/hashicorp/aws\"]",
      "instances": [
        {
          "schema_version": 1,
          "attributes": {
            "arn": "arn:aws:ec2:eu-west-1:636581895070:vpc/vpc-0a8e9c984ebeafe71",
            "assign_generated_ipv6_cidr_block": false,
            "cidr_block": "10.0.0.0/16",
            "default_network_acl_id": "acl-05a7c9844e7f12593",
            "default_route_table_id": "rtb-059ae5c2841fa365b",
            "default_security_group_id": "sg-06839ec7c8b5d09fa",
            "dhcp_options_id": "dopt-031612126bf0c5ef5",
            "enable_dns_hostnames": false,
            "enable_dns_support": true,
            "enable_network_address_usage_metrics": false,
            "id": "vpc-0a8e9c984ebeafe71",
            "instance_tenancy": "default",
            "ipv4_ipam_pool_id": null,
            "ipv4_netmask_length": null,
            "ipv6_association_id": "",
            "ipv6_cidr_block": "",
            "ipv6_cidr_block_network_border_group": "",
            "ipv6_ipam_pool_id": "",
            "ipv6_netmask_length": 0,
            "main_route_table_id": "rtb-059ae5c2841fa365b",
            "owner_id": "636581895070",
            "tags": {
              "Name": "develop-tf-vpc-main"
            },
            "tags_all": {
              "Name": "develop-tf-vpc-main"
            }
          },
          "sensitive_attributes": [],
          "private": "eyJzY2hlbWFfdmVyc2lvbiI6IjEifQ=="
        }
      ]
    }
  ],
  "check_results": null
}
